
Microsoft Visual Studio Solution File, Format Version 12.00
# Visual Studio Version 16
VisualStudioVersion = 16.0.35325.158
MinimumVisualStudioVersion = 10.0.40219.1
Project("{888888A0-9F3D-457C-B088-3A5042F75D52}") = "TelegramBot", "TelegramBot.pyproj", "{95B0BC07-5A67-4959-A06A-D9DDF128CF8A}"
EndProject
Global
	GlobalSection(SolutionConfigurationPlatforms) = preSolution
		Debug|Any CPU = Debug|Any CPU
		Release|Any CPU = Release|Any CPU
	EndGlobalSection
	GlobalSection(ProjectConfigurationPlatforms) = postSolution
		{95B0BC07-5A67-4959-A06A-D9DDF128CF8A}.Debug|Any CPU.ActiveCfg = Debug|Any CPU
		{95B0BC07-5A67-4959-A06A-D9DDF128CF8A}.Release|Any CPU.ActiveCfg = Release|Any CPU
	EndGlobalSection
	GlobalSection(SolutionProperties) = preSolution
		HideSolutionNode = FALSE
	EndGlobalSection
	GlobalSection(ExtensibilityGlobals) = postSolution
		SolutionGuid = {0E085F4F-071B-4F75-8121-646C11418B69}
	EndGlobalSection
EndGlobal
